
Microsoft Visual Studio Solution File, Format Version 12.00
# Visual Studio Version 16
VisualStudioVersion = 16.0.29926.136
MinimumVisualStudioVersion = 10.0.40219.1
Project("{2150E333-8FDC-42A3-9474-1A3956D46DE8}") = "0 - Apresentação", "0 - Apresentação", "{05BD32CC-BD1E-483B-B7B2-CEB812BEA8CF}"
EndProject
Project("{2150E333-8FDC-42A3-9474-1A3956D46DE8}") = "1 - Serviço", "1 - Serviço", "{22C5369A-8B19-44AE-8776-13DA6F39FCBE}"
EndProject
Project("{2150E333-8FDC-42A3-9474-1A3956D46DE8}") = "2 - Domínio", "2 - Domínio", "{91C7D3B8-02F1-420A-A04A-B8F0CD491571}"
EndProject
Project("{2150E333-8FDC-42A3-9474-1A3956D46DE8}") = "3 - Infra", "3 - Infra", "{941D2FD1-E000-4A4D-BCFC-F251186C7CB4}"
EndProject
Project("{2150E333-8FDC-42A3-9474-1A3956D46DE8}") = "4 - Comum", "4 - Comum", "{71B23F44-BBF9-4576-9E1A-53271A68D8BF}"
EndProject
Project("{9A19103F-16F7-4668-BE54-9A1E7A4F7556}") = "Projeto036017.WebApi", "Projeto036017.WebApi\Projeto036017.WebApi.csproj", "{C2DAC26F-AD14-4DAC-BA05-F3026EA47837}"
EndProject
Project("{9A19103F-16F7-4668-BE54-9A1E7A4F7556}") = "Projeto036017.Servico", "Projeto036017.Servico\Projeto036017.Servico.csproj", "{362CDFC5-F532-4672-89CB-C1EA2CE9A078}"
EndProject
Project("{9A19103F-16F7-4668-BE54-9A1E7A4F7556}") = "Projeto036017.Dominio", "Projeto036017.Dominio\Projeto036017.Dominio.csproj", "{CACE1393-F927-4BD3-9F1F-FBF337FE7FFF}"
EndProject
Project("{9A19103F-16F7-4668-BE54-9A1E7A4F7556}") = "Projeto036017.Dados", "Projeto036017.Dados\Projeto036017.Dados.csproj", "{60FFE5EA-A482-4C4E-B528-719632A06843}"
EndProject
Project("{9A19103F-16F7-4668-BE54-9A1E7A4F7556}") = "Projeto036017.Comum", "Projeto036017.Comum\Projeto036017.Comum.csproj", "{7C3EBB9D-03DB-4295-9C2F-F91A5B1D9C94}"
EndProject
Project("{2150E333-8FDC-42A3-9474-1A3956D46DE8}") = "5 - Teste", "5 - Teste", "{D534E653-422F-4A77-A063-F7E3AE6E7508}"
EndProject
Project("{FAE04EC0-301F-11D3-BF4B-00C04F79EFBC}") = "Projeto036017.Teste", "Projeto036017.Teste\Projeto036017.Teste.csproj", "{FA74C564-3F36-45AC-AEFF-3DED8524B95C}"
EndProject
Global
	GlobalSection(SolutionConfigurationPlatforms) = preSolution
		Debug|Any CPU = Debug|Any CPU
		Release|Any CPU = Release|Any CPU
	EndGlobalSection
	GlobalSection(ProjectConfigurationPlatforms) = postSolution
		{C2DAC26F-AD14-4DAC-BA05-F3026EA47837}.Debug|Any CPU.ActiveCfg = Debug|Any CPU
		{C2DAC26F-AD14-4DAC-BA05-F3026EA47837}.Debug|Any CPU.Build.0 = Debug|Any CPU
		{C2DAC26F-AD14-4DAC-BA05-F3026EA47837}.Release|Any CPU.ActiveCfg = Release|Any CPU
		{C2DAC26F-AD14-4DAC-BA05-F3026EA47837}.Release|Any CPU.Build.0 = Release|Any CPU
		{362CDFC5-F532-4672-89CB-C1EA2CE9A078}.Debug|Any CPU.ActiveCfg = Debug|Any CPU
		{362CDFC5-F532-4672-89CB-C1EA2CE9A078}.Debug|Any CPU.Build.0 = Debug|Any CPU
		{362CDFC5-F532-4672-89CB-C1EA2CE9A078}.Release|Any CPU.ActiveCfg = Release|Any CPU
		{362CDFC5-F532-4672-89CB-C1EA2CE9A078}.Release|Any CPU.Build.0 = Release|Any CPU
		{CACE1393-F927-4BD3-9F1F-FBF337FE7FFF}.Debug|Any CPU.ActiveCfg = Debug|Any CPU
		{CACE1393-F927-4BD3-9F1F-FBF337FE7FFF}.Debug|Any CPU.Build.0 = Debug|Any CPU
		{CACE1393-F927-4BD3-9F1F-FBF337FE7FFF}.Release|Any CPU.ActiveCfg = Release|Any CPU
		{CACE1393-F927-4BD3-9F1F-FBF337FE7FFF}.Release|Any CPU.Build.0 = Release|Any CPU
		{60FFE5EA-A482-4C4E-B528-719632A06843}.Debug|Any CPU.ActiveCfg = Debug|Any CPU
		{60FFE5EA-A482-4C4E-B528-719632A06843}.Debug|Any CPU.Build.0 = Debug|Any CPU
		{60FFE5EA-A482-4C4E-B528-719632A06843}.Release|Any CPU.ActiveCfg = Release|Any CPU
		{60FFE5EA-A482-4C4E-B528-719632A06843}.Release|Any CPU.Build.0 = Release|Any CPU
		{7C3EBB9D-03DB-4295-9C2F-F91A5B1D9C94}.Debug|Any CPU.ActiveCfg = Debug|Any CPU
		{7C3EBB9D-03DB-4295-9C2F-F91A5B1D9C94}.Debug|Any CPU.Build.0 = Debug|Any CPU
		{7C3EBB9D-03DB-4295-9C2F-F91A5B1D9C94}.Release|Any CPU.ActiveCfg = Release|Any CPU
		{7C3EBB9D-03DB-4295-9C2F-F91A5B1D9C94}.Release|Any CPU.Build.0 = Release|Any CPU
		{FA74C564-3F36-45AC-AEFF-3DED8524B95C}.Debug|Any CPU.ActiveCfg = Debug|Any CPU
		{FA74C564-3F36-45AC-AEFF-3DED8524B95C}.Debug|Any CPU.Build.0 = Debug|Any CPU
		{FA74C564-3F36-45AC-AEFF-3DED8524B95C}.Release|Any CPU.ActiveCfg = Release|Any CPU
		{FA74C564-3F36-45AC-AEFF-3DED8524B95C}.Release|Any CPU.Build.0 = Release|Any CPU
	EndGlobalSection
	GlobalSection(SolutionProperties) = preSolution
		HideSolutionNode = FALSE
	EndGlobalSection
	GlobalSection(NestedProjects) = preSolution
		{C2DAC26F-AD14-4DAC-BA05-F3026EA47837} = {05BD32CC-BD1E-483B-B7B2-CEB812BEA8CF}
		{362CDFC5-F532-4672-89CB-C1EA2CE9A078} = {22C5369A-8B19-44AE-8776-13DA6F39FCBE}
		{CACE1393-F927-4BD3-9F1F-FBF337FE7FFF} = {91C7D3B8-02F1-420A-A04A-B8F0CD491571}
		{60FFE5EA-A482-4C4E-B528-719632A06843} = {941D2FD1-E000-4A4D-BCFC-F251186C7CB4}
		{7C3EBB9D-03DB-4295-9C2F-F91A5B1D9C94} = {71B23F44-BBF9-4576-9E1A-53271A68D8BF}
		{FA74C564-3F36-45AC-AEFF-3DED8524B95C} = {D534E653-422F-4A77-A063-F7E3AE6E7508}
	EndGlobalSection
	GlobalSection(ExtensibilityGlobals) = postSolution
		SolutionGuid = {C01508E3-BEA6-4145-B450-D1F7290B8FDB}
	EndGlobalSection
EndGlobal
